
Microsoft Visual Studio Solution File, Format Version 12.00
# Visual Studio Version 16
VisualStudioVersion = 16.0.29806.167
MinimumVisualStudioVersion = 10.0.40219.1
Project("{9A19103F-16F7-4668-BE54-9A1E7A4F7556}") = "TravelUp", "TravelUp.csproj", "{94927345-7AEB-4AD1-9AA9-2D4ED86EF811}"
EndProject
Project("{FAE04EC0-301F-11D3-BF4B-00C04F79EFBC}") = "TravelUpTests", "..\TravelUPTests\TravelUpTests.csproj", "{20B4C522-AB98-4DA0-9A69-03883C8685E4}"
EndProject
Global
	GlobalSection(SolutionConfigurationPlatforms) = preSolution
		Debug|Any CPU = Debug|Any CPU
		Release|Any CPU = Release|Any CPU
	EndGlobalSection
	GlobalSection(ProjectConfigurationPlatforms) = postSolution
		{94927345-7AEB-4AD1-9AA9-2D4ED86EF811}.Debug|Any CPU.ActiveCfg = Debug|Any CPU
		{94927345-7AEB-4AD1-9AA9-2D4ED86EF811}.Debug|Any CPU.Build.0 = Debug|Any CPU
		{94927345-7AEB-4AD1-9AA9-2D4ED86EF811}.Release|Any CPU.ActiveCfg = Release|Any CPU
		{94927345-7AEB-4AD1-9AA9-2D4ED86EF811}.Release|Any CPU.Build.0 = Release|Any CPU
		{20B4C522-AB98-4DA0-9A69-03883C8685E4}.Debug|Any CPU.ActiveCfg = Debug|Any CPU
		{20B4C522-AB98-4DA0-9A69-03883C8685E4}.Debug|Any CPU.Build.0 = Debug|Any CPU
		{20B4C522-AB98-4DA0-9A69-03883C8685E4}.Release|Any CPU.ActiveCfg = Release|Any CPU
		{20B4C522-AB98-4DA0-9A69-03883C8685E4}.Release|Any CPU.Build.0 = Release|Any CPU
	EndGlobalSection
	GlobalSection(SolutionProperties) = preSolution
		HideSolutionNode = FALSE
	EndGlobalSection
	GlobalSection(ExtensibilityGlobals) = postSolution
		SolutionGuid = {9419CC58-631D-404F-B42B-75AB43212697}
	EndGlobalSection
EndGlobal
